{
  "name": "cad",
  "version": "1.0.0",
  "lockfileVersion": 1,
  "requires": true,
  "dependencies": {
    "@jscad/amf-deserializer": {
      "version": "0.0.4",
      "resolved": "https://registry.npmjs.org/@jscad/amf-deserializer/-/amf-deserializer-0.0.4.tgz",
      "integrity": "sha1-BB3uKQrNpBEPs7m/hxoepUIDTCs=",
      "requires": {
        "sax": "^1.2.1"
      }
    },
    "@jscad/amf-serializer": {
      "version": "0.0.5",
      "resolved": "https://registry.npmjs.org/@jscad/amf-serializer/-/amf-serializer-0.0.5.tgz",
      "integrity": "sha1-3A+Hx7LG15/F9rZnfwxoag0/Bg4=",
      "requires": {
        "@jscad/io-utils": "^0.1.2",
        "sax": "^1.2.1",
        "xmldom": "^0.1.27"
      }
    },
    "@jscad/core": {
      "version": "0.4.0",
      "resolved": "https://registry.npmjs.org/@jscad/core/-/core-0.4.0.tgz",
      "integrity": "sha512-Bufnvi6J9SthrrYIcV6VIgMcU3f5ye89fV3nJA2xpCqLi8Svyg12WN6STYUz8pnDAasw7cZClzIpQP9uMJQZOw==",
      "requires": {
        "@jscad/csg": "0.7.0",
        "@jscad/io": "0.4.7",
        "@jscad/openscad-openjscad-translator": "0.0.11",
        "astring": "^1.3.1",
        "esprima": "^3.1.3",
        "estraverse": "^4.2.0",
        "require-from-string": "^2.0.1",
        "strip-bom": "^3.0.0",
        "webworkify": "^1.4.0"
      },
      "dependencies": {
        "@jscad/amf-deserializer": {
          "version": "0.2.3",
          "resolved": "https://registry.npmjs.org/@jscad/amf-deserializer/-/amf-deserializer-0.2.3.tgz",
          "integrity": "sha512-zf7grKFqvDZg5i2P5+/bg347Ci71JmJYVWMco+pTJQjJoH2nnNUbhjWh7jhhSQDWpaPyZ3RuLvbtSfCOkGcNYg==",
          "requires": {
            "@jscad/csg": "^0.7.0",
            "sax": "^1.2.1"
          }
        },
        "@jscad/amf-serializer": {
          "version": "0.1.2",
          "resolved": "https://registry.npmjs.org/@jscad/amf-serializer/-/amf-serializer-0.1.2.tgz",
          "integrity": "sha512-Pvw2ErU5G3tRI2s/e9+6446AFm5bPGVdNMYq55vaLk7tVHYSAQuOkOMbt3Ye1GjNbO7+XkNvKGhw2MbAs9rdoA==",
          "requires": {
            "@jscad/io-utils": "^0.1.3",
            "sax": "^1.2.1",
            "xmldom": "^0.1.27"
          }
        },
        "@jscad/dxf-serializer": {
          "version": "0.2.5",
          "resolved": "https://registry.npmjs.org/@jscad/dxf-serializer/-/dxf-serializer-0.2.5.tgz",
          "integrity": "sha512-kh77mLyZECCSgjSTs3PCnnFncuHAR66dOpvx0v9Ct221nfmWYz6bqy66sH/Uy9MEwzZicIOIiashN59bginC6g==",
          "requires": {
            "@jscad/csg": "^0.7.0",
            "@jscad/io-utils": "^0.1.3"
          }
        },
        "@jscad/gcode-deserializer": {
          "version": "0.2.1",
          "resolved": "https://registry.npmjs.org/@jscad/gcode-deserializer/-/gcode-deserializer-0.2.1.tgz",
          "integrity": "sha512-Gn5emOcE6cjRdaSlzcDDYe/5spSXNG6FlnoXGX5ciIo04UHJjYvJN6i9YRRCiypX3rFvxfR84LaST2PxIbrsQw=="
        },
        "@jscad/io": {
          "version": "0.4.7",
          "resolved": "https://registry.npmjs.org/@jscad/io/-/io-0.4.7.tgz",
          "integrity": "sha512-D4yuBDppfVNNYSQpm6D+Vgn80aTIF7K64i6aCPrjl5AQYX8oRKdgm5biRZU/RDg1pxkSUs5s/vfOmU/86U8SFQ==",
          "requires": {
            "@jscad/amf-deserializer": "^0.2.1",
            "@jscad/amf-serializer": "^0.1.2",
            "@jscad/dxf-deserializer": "^0.1.1",
            "@jscad/dxf-serializer": "^0.2.4",
            "@jscad/gcode-deserializer": "^0.2.0",
            "@jscad/io-utils": "^0.1.3",
            "@jscad/json-deserializer": "^0.1.2",
            "@jscad/json-serializer": "^0.1.2",
            "@jscad/obj-deserializer": "^0.2.1",
            "@jscad/stl-deserializer": "^0.3.2",
            "@jscad/stl-serializer": "^0.1.3",
            "@jscad/svg-deserializer": "^0.4.2",
            "@jscad/svg-serializer": "^0.1.3",
            "@jscad/x3d-serializer": "^0.1.2"
          }
        },
        "@jscad/json-deserializer": {
          "version": "0.1.3",
          "resolved": "https://registry.npmjs.org/@jscad/json-deserializer/-/json-deserializer-0.1.3.tgz",
          "integrity": "sha512-8zvtCqfYL7nBFJ8fj9Oqo5VuplzU9kupUJBjumkYTEvUUkr63Nv0U7slse0Tu8ZkpYc2rjbpBBZHXosCchicsQ==",
          "requires": {
            "@jscad/csg": "0.7.0"
          }
        },
        "@jscad/json-serializer": {
          "version": "0.1.2",
          "resolved": "https://registry.npmjs.org/@jscad/json-serializer/-/json-serializer-0.1.2.tgz",
          "integrity": "sha512-fptGLXaeK56AYWWcfXDaiXCjZm70OKEHaAzHUpmjFRzH13gbZ7j27oS7jSe23xElPffst2/U5QJq70V/psYHCQ==",
          "requires": {
            "@jscad/csg": "0.7.0",
            "@jscad/io-utils": "^0.1.3"
          }
        },
        "@jscad/obj-deserializer": {
          "version": "0.2.3",
          "resolved": "https://registry.npmjs.org/@jscad/obj-deserializer/-/obj-deserializer-0.2.3.tgz",
          "integrity": "sha512-txwW8ESSz2WtwlcfVnr+S1IGPJLZt/QA1aXRNGqsYLacLyYN6EIWu4DEjmz6ebQ2KUgwHgiCE1l6bl+bJ+3NIA==",
          "requires": {
            "@jscad/csg": "^0.7.0"
          }
        },
        "@jscad/openscad-openjscad-translator": {
          "version": "0.0.11",
          "resolved": "https://registry.npmjs.org/@jscad/openscad-openjscad-translator/-/openscad-openjscad-translator-0.0.11.tgz",
          "integrity": "sha512-wnsIBsRaYJRxdhyUnglzf6SDBREjRyrOEKU9BRD+PudjcV5wy5PwB6quxWADilAPRO5fxnMJjNJ2vywR88oE5g==",
          "requires": {
            "@kaosat-dev/sylvester": "0.0.21",
            "lodash": "^4.17.4"
          }
        },
        "@jscad/stl-deserializer": {
          "version": "0.3.3",
          "resolved": "https://registry.npmjs.org/@jscad/stl-deserializer/-/stl-deserializer-0.3.3.tgz",
          "integrity": "sha512-k9uij49SX1S993qQVqbDFr4auU0uyd+qtRDf7muLBSzyP5h6Qip6Z9YjbED4lvzGKfnyh9PNE8IdaoZVgs1dAg==",
          "requires": {
            "@jscad/csg": "0.7.0",
            "@jscad/io-utils": "^0.1.3"
          }
        },
        "@jscad/stl-serializer": {
          "version": "0.1.3",
          "resolved": "https://registry.npmjs.org/@jscad/stl-serializer/-/stl-serializer-0.1.3.tgz",
          "integrity": "sha512-Zdrluf82TnBL6hHm28DfQGpjHHuN69XONH8SYwF0x3gnr5q+281erj+NRgH5odHYuxmetVNgoT5G1c654cIJag==",
          "requires": {
            "@jscad/io-utils": "^0.1.3"
          }
        },
        "@jscad/svg-deserializer": {
          "version": "0.4.3",
          "resolved": "https://registry.npmjs.org/@jscad/svg-deserializer/-/svg-deserializer-0.4.3.tgz",
          "integrity": "sha512-kN8Ug8BbT1JLJGEl+QB3j+Olj3MOEN+XC9yTHpWaYdmwAGQ0/ULEmUkbse4xHhnEgIjYLO3fPZe3xWSkedPNxg==",
          "requires": {
            "@jscad/csg": "0.7.0",
            "sax": "1.2.4"
          }
        },
        "@jscad/svg-serializer": {
          "version": "0.1.3",
          "resolved": "https://registry.npmjs.org/@jscad/svg-serializer/-/svg-serializer-0.1.3.tgz",
          "integrity": "sha512-2ToKwVmVyNk9XD9WHm2QhbBI9LAQdfPxhCCOp13YNmXV8Ebl44V+IoIVzYdfcQuX1tSLOX7UPsL+zEcoQuVBbw==",
          "requires": {
            "@jscad/csg": "0.7.0",
            "onml": "^0.4.1"
          }
        },
        "@jscad/x3d-serializer": {
          "version": "0.1.2",
          "resolved": "https://registry.npmjs.org/@jscad/x3d-serializer/-/x3d-serializer-0.1.2.tgz",
          "integrity": "sha512-kIkB+1CasHOClgxslKLPvgr+z93Go9luvZlFyz+leWtpJt07BPcEzaQQDap5E7HL3EUgorIeythx3+CvLntPZg==",
          "requires": {
            "@jscad/io-utils": "^0.1.3",
            "xmldom": "^0.1.27"
          }
        }
      }
    },
    "@jscad/csg": {
      "version": "0.7.0",
      "resolved": "https://registry.npmjs.org/@jscad/csg/-/csg-0.7.0.tgz",
      "integrity": "sha512-v91oCgmGq2h8TJsxSv8EdcEzf+3K/U6JVPrprHqhU7+dfjfD/Nezz/AHKNZFQxQ++k/8xMpwZWt22MgDqygiVA=="
    },
    "@jscad/dxf-deserializer": {
      "version": "0.1.3",
      "resolved": "https://registry.npmjs.org/@jscad/dxf-deserializer/-/dxf-deserializer-0.1.3.tgz",
      "integrity": "sha512-rk9A2WpOlov4TsXdgVi98Zguwa+R1F+p4G6a5SSGiq1GfhNnah/FO1eybY9kZNSHhuckHK/ziSs8NgL96/p0iw==",
      "requires": {
        "@jscad/csg": "^0.7.0"
      }
    },
    "@jscad/dxf-serializer": {
      "version": "0.0.4",
      "resolved": "https://registry.npmjs.org/@jscad/dxf-serializer/-/dxf-serializer-0.0.4.tgz",
      "integrity": "sha1-P7O3a2HmqYfiUIJ8SWNPAHNvasg="
    },
    "@jscad/gcode-deserializer": {
      "version": "0.0.4",
      "resolved": "https://registry.npmjs.org/@jscad/gcode-deserializer/-/gcode-deserializer-0.0.4.tgz",
      "integrity": "sha1-pdk+zvhGvzCllvUCHXs26mKhOic="
    },
    "@jscad/io": {
      "version": "0.3.7",
      "resolved": "https://registry.npmjs.org/@jscad/io/-/io-0.3.7.tgz",
      "integrity": "sha1-CNWCv/0juTdopkvYo3Qv3De86u4=",
      "requires": {
        "@jscad/amf-deserializer": "^0.0.4",
        "@jscad/amf-serializer": "^0.0.5",
        "@jscad/dxf-serializer": "^0.0.4",
        "@jscad/gcode-deserializer": "^0.0.4",
        "@jscad/io-utils": "^0.1.2",
        "@jscad/json-deserializer": "^0.0.4",
        "@jscad/json-serializer": "^0.0.5",
        "@jscad/obj-deserializer": "^0.0.4",
        "@jscad/stl-deserializer": "^0.1.2",
        "@jscad/stl-serializer": "^0.0.6",
        "@jscad/svg-deserializer": "^0.2.3",
        "@jscad/svg-serializer": "^0.0.4",
        "@jscad/x3d-serializer": "^0.0.6"
      }
    },
    "@jscad/io-utils": {
      "version": "0.1.3",
      "resolved": "https://registry.npmjs.org/@jscad/io-utils/-/io-utils-0.1.3.tgz",
      "integrity": "sha512-aCVUZovewI4njtEJ1fvjhasqd8EHIzQaPb88MtFWf/ff1NdGOu/vRH3yGG8vu0NZektGEDCKp028g2nTBL7aFg=="
    },
    "@jscad/json-deserializer": {
      "version": "0.0.4",
      "resolved": "https://registry.npmjs.org/@jscad/json-deserializer/-/json-deserializer-0.0.4.tgz",
      "integrity": "sha1-ffpQCUUoh5LgTlcaDCTxXFXuurA=",
      "requires": {
        "@jscad/csg": "0.3.6"
      },
      "dependencies": {
        "@jscad/csg": {
          "version": "0.3.6",
          "resolved": "https://registry.npmjs.org/@jscad/csg/-/csg-0.3.6.tgz",
          "integrity": "sha512-GoUXhTwO0L+Cxba8VfFFLGm+ECd0xZKoIAPpeUYsDiCVsIZ6XK+3GLgBgn5waeumQNh+H6WsHjMMRKXBrDBreA=="
        }
      }
    },
    "@jscad/json-serializer": {
      "version": "0.0.5",
      "resolved": "https://registry.npmjs.org/@jscad/json-serializer/-/json-serializer-0.0.5.tgz",
      "integrity": "sha1-DEAQz7ZyntspQnJycvlB0TAZR7g=",
      "requires": {
        "@jscad/csg": "0.3.6",
        "@jscad/io-utils": "^0.1.2"
      },
      "dependencies": {
        "@jscad/csg": {
          "version": "0.3.6",
          "resolved": "https://registry.npmjs.org/@jscad/csg/-/csg-0.3.6.tgz",
          "integrity": "sha512-GoUXhTwO0L+Cxba8VfFFLGm+ECd0xZKoIAPpeUYsDiCVsIZ6XK+3GLgBgn5waeumQNh+H6WsHjMMRKXBrDBreA=="
        }
      }
    },
    "@jscad/obj-deserializer": {
      "version": "0.0.4",
      "resolved": "https://registry.npmjs.org/@jscad/obj-deserializer/-/obj-deserializer-0.0.4.tgz",
      "integrity": "sha1-3LPPXMRyeKfPejW3azLq0NBE38M="
    },
    "@jscad/openjscad": {
      "version": "1.6.1",
      "resolved": "https://registry.npmjs.org/@jscad/openjscad/-/openjscad-1.6.1.tgz",
      "integrity": "sha512-D8W/ErfXhERXXbx9jGD75IupYEw85XyEF2lgrpekJaqKzETJRYAiQeggPEYk1U4zd8i6swoCNTkqgGI3NYdnQg==",
      "requires": {
        "@jscad/csg": "0.3.6",
        "@jscad/io": "0.3.7",
        "@jscad/openscad-openjscad-translator": "0.0.10",
        "@jscad/scad-api": "^0.5.1",
        "astring": "^1.0.2",
        "brace": "0.10.0",
        "esprima": "^3.1.3",
        "estraverse": "^4.2.0",
        "most-gestures": "^0.3.0",
        "webworkify": "^1.4.0"
      },
      "dependencies": {
        "@jscad/csg": {
          "version": "0.3.6",
          "resolved": "https://registry.npmjs.org/@jscad/csg/-/csg-0.3.6.tgz",
          "integrity": "sha512-GoUXhTwO0L+Cxba8VfFFLGm+ECd0xZKoIAPpeUYsDiCVsIZ6XK+3GLgBgn5waeumQNh+H6WsHjMMRKXBrDBreA=="
        }
      }
    },
    "@jscad/openscad-openjscad-translator": {
      "version": "0.0.10",
      "resolved": "https://registry.npmjs.org/@jscad/openscad-openjscad-translator/-/openscad-openjscad-translator-0.0.10.tgz",
      "integrity": "sha1-b1o9wlL9ILr1I6sRwfwqPdqlfns=",
      "requires": {
        "lodash": "^4.17.4",
        "sylvester": "github:kaosat-dev/node-sylvester"
      }
    },
    "@jscad/scad-api": {
      "version": "0.5.1",
      "resolved": "https://registry.npmjs.org/@jscad/scad-api/-/scad-api-0.5.1.tgz",
      "integrity": "sha512-1BlfqcAf0xIicbaKU1bCOxHh0+aHJ7fBRY6r+7/e+0uMrfoqHoULGqkAZCwnftt0cPj5uAP8JSlyOinHKaFIJw==",
      "requires": {
        "@jscad/csg": "0.3.7"
      },
      "dependencies": {
        "@jscad/csg": {
          "version": "0.3.7",
          "resolved": "https://registry.npmjs.org/@jscad/csg/-/csg-0.3.7.tgz",
          "integrity": "sha512-CuqKgXEZDH1FzbwQTdMWQ0FiEGi+LrP32tP6nW6rdWEEBjL6w19F3OrShD7SP8mK9IcqiuhgN9JcbWaiBswWlQ=="
        }
      }
    },
    "@jscad/stl-deserializer": {
      "version": "0.1.2",
      "resolved": "https://registry.npmjs.org/@jscad/stl-deserializer/-/stl-deserializer-0.1.2.tgz",
      "integrity": "sha1-P05QMMjBgf6Xwniz5pdOojemM4M=",
      "requires": {
        "@jscad/csg": "0.3.6",
        "@jscad/io-utils": "^0.1.2"
      },
      "dependencies": {
        "@jscad/csg": {
          "version": "0.3.6",
          "resolved": "https://registry.npmjs.org/@jscad/csg/-/csg-0.3.6.tgz",
          "integrity": "sha512-GoUXhTwO0L+Cxba8VfFFLGm+ECd0xZKoIAPpeUYsDiCVsIZ6XK+3GLgBgn5waeumQNh+H6WsHjMMRKXBrDBreA=="
        }
      }
    },
    "@jscad/stl-serializer": {
      "version": "0.0.6",
      "resolved": "https://registry.npmjs.org/@jscad/stl-serializer/-/stl-serializer-0.0.6.tgz",
      "integrity": "sha1-OIDuOw2YzeYhpVg92GDcN6kAZtQ=",
      "requires": {
        "@jscad/io-utils": "^0.1.2"
      }
    },
    "@jscad/svg-deserializer": {
      "version": "0.2.3",
      "resolved": "https://registry.npmjs.org/@jscad/svg-deserializer/-/svg-deserializer-0.2.3.tgz",
      "integrity": "sha1-HbFVKSax7J7yXLjYE0ryZfYOTSI=",
      "requires": {
        "@jscad/csg": "0.3.6",
        "sax": "1.2.4"
      },
      "dependencies": {
        "@jscad/csg": {
          "version": "0.3.6",
          "resolved": "https://registry.npmjs.org/@jscad/csg/-/csg-0.3.6.tgz",
          "integrity": "sha512-GoUXhTwO0L+Cxba8VfFFLGm+ECd0xZKoIAPpeUYsDiCVsIZ6XK+3GLgBgn5waeumQNh+H6WsHjMMRKXBrDBreA=="
        }
      }
    },
    "@jscad/svg-serializer": {
      "version": "0.0.4",
      "resolved": "https://registry.npmjs.org/@jscad/svg-serializer/-/svg-serializer-0.0.4.tgz",
      "integrity": "sha1-uqYjfTPtbg96AS8rtgYTopXiUdE=",
      "requires": {
        "@jscad/csg": "0.3.6"
      },
      "dependencies": {
        "@jscad/csg": {
          "version": "0.3.6",
          "resolved": "https://registry.npmjs.org/@jscad/csg/-/csg-0.3.6.tgz",
          "integrity": "sha512-GoUXhTwO0L+Cxba8VfFFLGm+ECd0xZKoIAPpeUYsDiCVsIZ6XK+3GLgBgn5waeumQNh+H6WsHjMMRKXBrDBreA=="
        }
      }
    },
    "@jscad/x3d-serializer": {
      "version": "0.0.6",
      "resolved": "https://registry.npmjs.org/@jscad/x3d-serializer/-/x3d-serializer-0.0.6.tgz",
      "integrity": "sha1-pBl1qeN0B2E2JkjklutkKTuD99c=",
      "requires": {
        "@jscad/io-utils": "^0.1.2",
        "xmldom": "^0.1.27"
      }
    },
    "@kaosat-dev/sylvester": {
      "version": "0.0.21",
      "resolved": "https://registry.npmjs.org/@kaosat-dev/sylvester/-/sylvester-0.0.21.tgz",
      "integrity": "sha512-a/z8DU57XFW8d8Kd9jWbDU55W54BDcXmXJeg+dFZ4AoQYji41EjJY+Cw1v+5HG03mKkjzNNCSid/pa861gMpHQ=="
    },
    "@most/multicast": {
      "version": "1.3.0",
      "resolved": "https://registry.npmjs.org/@most/multicast/-/multicast-1.3.0.tgz",
      "integrity": "sha512-DWH8AShgp5bXn+auGzf5tzPxvpmEvQJd0CNsApOci1LDF4eAEcnw4HQOr2Jaa+L92NbDYFKBSXxll+i7r1ikvw==",
      "requires": {
        "@most/prelude": "^1.4.0"
      }
    },
    "@most/prelude": {
      "version": "1.7.3",
      "resolved": "https://registry.npmjs.org/@most/prelude/-/prelude-1.7.3.tgz",
      "integrity": "sha512-qWWEnA22UP1lzFfKx75XMut6DUUXGRKe7qv2k+Bgs7ju8lwb5RjsZYyQZ+VcsYvHcIavHKzseLlBMLOe2CvUZw=="
    },
    "@types/openjscad": {
      "version": "0.0.31",
      "resolved": "https://registry.npmjs.org/@types/openjscad/-/openjscad-0.0.31.tgz",
      "integrity": "sha512-1zlJTAeAgDzEzLqmtfaG3RP+DyORMAzNw9CR+AQiRGNYf66J3ZQ6F1wtRiiuKvJ7afNY09BYPCH1c6dv2V4Trw==",
      "dev": true,
      "requires": {
        "three": "*"
      }
    },
    "astring": {
      "version": "1.4.3",
      "resolved": "https://registry.npmjs.org/astring/-/astring-1.4.3.tgz",
      "integrity": "sha512-yJlJU/bmN820vL+cbWShu2YQU87dBP5V7BH2N4wODapRv27A2dZtUD0LgjP9lZENvPe9XRoSyWx+pZR6qKqNBw=="
    },
    "brace": {
      "version": "0.10.0",
      "resolved": "https://registry.npmjs.org/brace/-/brace-0.10.0.tgz",
      "integrity": "sha1-7e9OubCSi6HuX3F//BV3SabdXXY=",
      "requires": {
        "w3c-blob": "0.0.1"
      }
    },
    "esprima": {
      "version": "3.1.3",
      "resolved": "https://registry.npmjs.org/esprima/-/esprima-3.1.3.tgz",
      "integrity": "sha1-/cpRzuYTOJXjyI1TXOSdv/YqRjM="
    },
    "estraverse": {
      "version": "4.3.0",
      "resolved": "https://registry.npmjs.org/estraverse/-/estraverse-4.3.0.tgz",
      "integrity": "sha512-39nnKffWz8xN1BU/2c79n9nB9HDzo0niYUqx6xyqUnyoAnQyyWpOTdZEeiCch8BBu515t4wp9ZmgVfVhn9EBpw=="
    },
    "lodash": {
      "version": "4.17.15",
      "resolved": "https://registry.npmjs.org/lodash/-/lodash-4.17.15.tgz",
      "integrity": "sha512-8xOcRHvCjnocdS5cpwXQXVzmmh5e5+saE2QGoeQmbKmRS6J3VQppPOIt0MnmE+4xlZoumy0GPG0D0MVIQbNA1A=="
    },
    "most": {
      "version": "1.8.0",
      "resolved": "https://registry.npmjs.org/most/-/most-1.8.0.tgz",
      "integrity": "sha512-V49VlfnnGBVSIcHVeW6jViOwsPwSdnw8qv2BQ97TCfJMA07Yq5BkjUnEPmDZ0Kqm6crTBlgmdnH+jO0qVJMXfw==",
      "requires": {
        "@most/multicast": "^1.2.5",
        "@most/prelude": "^1.4.0",
        "symbol-observable": "^1.0.2"
      }
    },
    "most-gestures": {
      "version": "0.3.0",
      "resolved": "https://registry.npmjs.org/most-gestures/-/most-gestures-0.3.0.tgz",
      "integrity": "sha1-Y07mZK2vU9dA0BSKa0tNF0QDpHg=",
      "requires": {
        "most": "^1.7.2"
      }
    },
    "onml": {
      "version": "0.4.5",
      "resolved": "https://registry.npmjs.org/onml/-/onml-0.4.5.tgz",
      "integrity": "sha512-57s3RgVQZa7fGpPFqnJ/AreTQQMZVmHLNCmwAvV0LD4vacPhiWN+ggFvChzpGWNQ/tkCn5W1omJtbcjaukAFJA==",
      "requires": {
        "sax": "^1.2.1"
      }
    },
    "require-from-string": {
      "version": "2.0.2",
      "resolved": "https://registry.npmjs.org/require-from-string/-/require-from-string-2.0.2.tgz",
      "integrity": "sha512-Xf0nWe6RseziFMu+Ap9biiUbmplq6S9/p+7w7YXP/JBHhrUDDUhwa+vANyubuqfZWTveU//DYVGsDG7RKL/vEw=="
    },
    "sax": {
      "version": "1.2.4",
      "resolved": "https://registry.npmjs.org/sax/-/sax-1.2.4.tgz",
      "integrity": "sha512-NqVDv9TpANUjFm0N8uM5GxL36UgKi9/atZw+x7YFnQ8ckwFGKrl4xX4yWtrey3UJm5nP1kUbnYgLopqWNSRhWw=="
    },
    "strip-bom": {
      "version": "3.0.0",
      "resolved": "https://registry.npmjs.org/strip-bom/-/strip-bom-3.0.0.tgz",
      "integrity": "sha1-IzTBjpx1n3vdVv3vfprj1YjmjtM="
    },
    "sylvester": {
      "version": "github:kaosat-dev/node-sylvester#ce74d23a2092ae02a56b840ef70f5d61c54df409",
      "from": "github:kaosat-dev/node-sylvester"
    },
    "symbol-observable": {
      "version": "1.2.0",
      "resolved": "https://registry.npmjs.org/symbol-observable/-/symbol-observable-1.2.0.tgz",
      "integrity": "sha512-e900nM8RRtGhlV36KGEU9k65K3mPb1WV70OdjfxlG2EAuM1noi/E/BaW/uMhL7bPEssK8QV57vN3esixjUvcXQ=="
    },
    "three": {
      "version": "0.112.1",
      "resolved": "https://registry.npmjs.org/three/-/three-0.112.1.tgz",
      "integrity": "sha512-8I0O74hiYtKl3LgDNcPJbBGOlpekbcJ6fJnImmW3mFdeUFJ2H9Y3/UuUSW2sBdjrIlCM0gvOkaTEFlofO900TQ==",
      "dev": true
    },
    "w3c-blob": {
      "version": "0.0.1",
      "resolved": "https://registry.npmjs.org/w3c-blob/-/w3c-blob-0.0.1.tgz",
      "integrity": "sha1-sM01KhpQ9RVWNCD/1YYflQ8dhbg="
    },
    "webworkify": {
      "version": "1.5.0",
      "resolved": "https://registry.npmjs.org/webworkify/-/webworkify-1.5.0.tgz",
      "integrity": "sha512-AMcUeyXAhbACL8S2hqqdqOLqvJ8ylmIbNwUIqQujRSouf4+eUFaXbG6F1Rbu+srlJMmxQWsiU7mOJi0nMBfM1g=="
    },
    "xmldom": {
      "version": "0.1.31",
      "resolved": "https://registry.npmjs.org/xmldom/-/xmldom-0.1.31.tgz",
      "integrity": "sha512-yS2uJflVQs6n+CyjHoaBmVSqIDevTAWrzMmjG1Gc7h1qQ7uVozNhEPJAwZXWyGQ/Gafo3fCwrcaokezLPupVyQ=="
    }
  }
}
