{
  "name": "cad",
  "version": "1.0.0",
  "lockfileVersion": 1,
  "requires": true,
  "dependencies": {
    "@jscad/csg": {
      "version": "0.7.0",
      "resolved": "https://registry.npmjs.org/@jscad/csg/-/csg-0.7.0.tgz",
      "integrity": "sha512-v91oCgmGq2h8TJsxSv8EdcEzf+3K/U6JVPrprHqhU7+dfjfD/Nezz/AHKNZFQxQ++k/8xMpwZWt22MgDqygiVA=="
    },
    "@types/openjscad": {
      "version": "0.0.31",
      "resolved": "https://registry.npmjs.org/@types/openjscad/-/openjscad-0.0.31.tgz",
      "integrity": "sha512-1zlJTAeAgDzEzLqmtfaG3RP+DyORMAzNw9CR+AQiRGNYf66J3ZQ6F1wtRiiuKvJ7afNY09BYPCH1c6dv2V4Trw==",
      "dev": true,
      "requires": {
        "three": "*"
      }
    },
    "three": {
      "version": "0.112.1",
      "resolved": "https://registry.npmjs.org/three/-/three-0.112.1.tgz",
      "integrity": "sha512-8I0O74hiYtKl3LgDNcPJbBGOlpekbcJ6fJnImmW3mFdeUFJ2H9Y3/UuUSW2sBdjrIlCM0gvOkaTEFlofO900TQ==",
      "dev": true
    }
  }
}
